# This file is generated by running "yarn install" inside your project.
# Manual changes might be lost - proceed with caution!

__metadata:
  version: 8
  cacheKey: 10c0

"@crossplane-js/cli@link:../../../packages/cli::locator=domain-sdk%40workspace%3A.":
  version: 0.0.0-use.local
  resolution: "@crossplane-js/cli@link:../../../packages/cli::locator=domain-sdk%40workspace%3A."
  languageName: node
  linkType: soft

"chalk@npm:^5.0.1":
  version: 5.4.1
  resolution: "chalk@npm:5.4.1"
  checksum: 10c0/b23e88132c702f4855ca6d25cb5538b1114343e41472d5263ee8a37cccfccd9c4216d111e1097c6a27830407a1dc81fecdf2a56f2c63033d4dbbd88c10b0dcef
  languageName: node
  linkType: hard

"domain-sdk@workspace:.":
  version: 0.0.0-use.local
  resolution: "domain-sdk@workspace:."
  dependencies:
    "@crossplane-js/cli": "link:../../../packages/cli"
    chalk: "npm:^5.0.1"
    node-ts-modules: "npm:^0.0.3"
  languageName: unknown
  linkType: soft

"node-ts-modules@npm:^0.0.3":
  version: 0.0.3
  resolution: "node-ts-modules@npm:0.0.3"
  bin:
    node-ts-modules-postinstall: postinstall.js
  checksum: 10c0/fe49a052daa11bb64e2bb0efc56c2aabebcbc4c6d1544625843adb6e9b1b542a9f8ac18c20001e84ecee806d71c8f7239a6a1b4a9c870d40b28a4b6734d75ba4
  languageName: node
  linkType: hard
