{
  "lockfile_version": "1",
  "packages": {
    "docker": {
      "resolved": "github:NixOS/nixpkgs/3eeaa42ef4c19447b48d1c676fe59077dfd0846e?narHash=sha256-%2BOE03P3u0FRwhS%2BAh6EYiwxdS1rcIYlXheuXGM3wP3Q%3D#docker",
      "source": "nixpkg",
      "systems": {
        "x86_64-linux": {
          "outputs": [
            {
              "path": "/nix/store/33n3dq213jzrr9bymm2rinm1c1axjk7j-docker-27.5.1",
              "default": true
            }
          ]
        }
      }
    },
    "git": {
      "resolved": "github:NixOS/nixpkgs/3eeaa42ef4c19447b48d1c676fe59077dfd0846e?narHash=sha256-%2BOE03P3u0FRwhS%2BAh6EYiwxdS1rcIYlXheuXGM3wP3Q%3D#git",
      "source": "nixpkg",
      "systems": {
        "x86_64-linux": {
          "outputs": [
            {
              "path": "/nix/store/lqx2rv26sdndpa2vyy2vxsahj03km69z-git-2.48.1",
              "default": true
            }
          ]
        }
      }
    },
    "github:NixOS/nixpkgs/nixpkgs-unstable": {
      "resolved": "github:NixOS/nixpkgs/3eeaa42ef4c19447b48d1c676fe59077dfd0846e?lastModified=1743441817&narHash=sha256-%2BOE03P3u0FRwhS%2BAh6EYiwxdS1rcIYlXheuXGM3wP3Q%3D"
    },
    "go-task": {
      "resolved": "github:NixOS/nixpkgs/3eeaa42ef4c19447b48d1c676fe59077dfd0846e?narHash=sha256-%2BOE03P3u0FRwhS%2BAh6EYiwxdS1rcIYlXheuXGM3wP3Q%3D#go-task",
      "source": "nixpkg",
      "systems": {
        "x86_64-linux": {
          "outputs": [
            {
              "path": "/nix/store/1ahssbg018nlvadzzwnydx4ky0bpng7a-go-task-3.41.0",
              "default": true
            }
          ]
        }
      }
    },
    "go@1.23": {
      "last_modified": "2025-03-11T17:52:14Z",
      "resolved": "github:NixOS/nixpkgs/0d534853a55b5d02a4ababa1d71921ce8f0aee4c#go_1_23",
      "source": "devbox-search",
      "version": "1.23.7",
      "systems": {
        "aarch64-darwin": {
          "outputs": [
            {
              "name": "out",
              "path": "/nix/store/pmgial79wq49zriy1y6dc19qdrjqyv8g-go-1.23.7",
              "default": true
            }
          ],
          "store_path": "/nix/store/pmgial79wq49zriy1y6dc19qdrjqyv8g-go-1.23.7"
        },
        "aarch64-linux": {
          "outputs": [
            {
              "name": "out",
              "path": "/nix/store/qlklf8pp44ykx63xaryj6apbnw036rm9-go-1.23.7",
              "default": true
            }
          ],
          "store_path": "/nix/store/qlklf8pp44ykx63xaryj6apbnw036rm9-go-1.23.7"
        },
        "x86_64-darwin": {
          "outputs": [
            {
              "name": "out",
              "path": "/nix/store/mcajc7fgnbyzq4845sk4m3h6gc99vzzc-go-1.23.7",
              "default": true
            }
          ],
          "store_path": "/nix/store/mcajc7fgnbyzq4845sk4m3h6gc99vzzc-go-1.23.7"
        },
        "x86_64-linux": {
          "outputs": [
            {
              "name": "out",
              "path": "/nix/store/valwknmr0qzxq70h4ijm9w1jvgc3grsp-go-1.23.7",
              "default": true
            }
          ],
          "store_path": "/nix/store/valwknmr0qzxq70h4ijm9w1jvgc3grsp-go-1.23.7"
        }
      }
    },
    "jq": {
      "resolved": "github:NixOS/nixpkgs/3eeaa42ef4c19447b48d1c676fe59077dfd0846e?narHash=sha256-%2BOE03P3u0FRwhS%2BAh6EYiwxdS1rcIYlXheuXGM3wP3Q%3D#jq",
      "source": "nixpkg",
      "systems": {
        "x86_64-linux": {
          "outputs": [
            {
              "name": "man",
              "path": "/nix/store/0h33kdarki6bp6pwf7xc5rzjnx8ky4j4-jq-1.7.1-man",
              "default": true
            },
            {
              "name": "bin",
              "path": "/nix/store/gpxsdrrd4x93fs75395vr2dfys1ki9mq-jq-1.7.1-bin",
              "default": true
            }
          ]
        }
      }
    },
    "k9s": {
      "resolved": "github:NixOS/nixpkgs/3eeaa42ef4c19447b48d1c676fe59077dfd0846e?narHash=sha256-%2BOE03P3u0FRwhS%2BAh6EYiwxdS1rcIYlXheuXGM3wP3Q%3D#k9s",
      "source": "nixpkg",
      "systems": {
        "x86_64-linux": {
          "outputs": [
            {
              "path": "/nix/store/9cd86frawbphcs6nkdzj3k91fb8z2drr-k9s-0.40.10",
              "default": true
            }
          ]
        }
      }
    },
    "kind": {
      "resolved": "github:NixOS/nixpkgs/3eeaa42ef4c19447b48d1c676fe59077dfd0846e?narHash=sha256-%2BOE03P3u0FRwhS%2BAh6EYiwxdS1rcIYlXheuXGM3wP3Q%3D#kind",
      "source": "nixpkg",
      "systems": {
        "x86_64-linux": {
          "outputs": [
            {
              "path": "/nix/store/dam02bb33zcl468fz2dldiz4r33jli3x-kind-0.27.0",
              "default": true
            }
          ]
        }
      }
    },
    "kubectl": {
      "resolved": "github:NixOS/nixpkgs/3eeaa42ef4c19447b48d1c676fe59077dfd0846e?narHash=sha256-%2BOE03P3u0FRwhS%2BAh6EYiwxdS1rcIYlXheuXGM3wP3Q%3D#kubectl",
      "source": "nixpkg",
      "systems": {
        "x86_64-linux": {
          "outputs": [
            {
              "name": "man",
              "path": "/nix/store/xdh1fr0b4dnladi7dwa0q2vwf878g9qd-kubectl-1.32.3-man",
              "default": true
            },
            {
              "path": "/nix/store/yaqxnlxynfil1c6lvxfrnmh06yfqarn8-kubectl-1.32.3",
              "default": true
            }
          ]
        }
      }
    },
    "kubernetes-helm": {
      "resolved": "github:NixOS/nixpkgs/3eeaa42ef4c19447b48d1c676fe59077dfd0846e?narHash=sha256-%2BOE03P3u0FRwhS%2BAh6EYiwxdS1rcIYlXheuXGM3wP3Q%3D#kubernetes-helm",
      "source": "nixpkg",
      "systems": {
        "x86_64-linux": {
          "outputs": [
            {
              "path": "/nix/store/a7869w8md1im50aynkzvp1yvdwcamw39-kubernetes-helm-3.17.2",
              "default": true
            }
          ]
        }
      }
    },
    "nodejs@22": {
      "last_modified": "2025-03-23T05:31:05Z",
      "plugin_version": "0.0.2",
      "resolved": "github:NixOS/nixpkgs/dd613136ee91f67e5dba3f3f41ac99ae89c5406b#nodejs_22",
      "source": "devbox-search",
      "version": "22.14.0",
      "systems": {
        "aarch64-darwin": {
          "outputs": [
            {
              "name": "out",
              "path": "/nix/store/i1v519j66jmvpqr5h382i9nanxwa5l6n-nodejs-22.14.0",
              "default": true
            },
            {
              "name": "libv8",
              "path": "/nix/store/4m6xhygkx74fsd5k99nihgr7vg85f553-nodejs-22.14.0-libv8"
            }
          ],
          "store_path": "/nix/store/i1v519j66jmvpqr5h382i9nanxwa5l6n-nodejs-22.14.0"
        },
        "aarch64-linux": {
          "outputs": [
            {
              "name": "out",
              "path": "/nix/store/5baih13vgavgia3889wsvh4n4z0mkawd-nodejs-22.14.0",
              "default": true
            },
            {
              "name": "libv8",
              "path": "/nix/store/5qv5cl1s9hjhyjhd4nmgndf1ccf3mc4r-nodejs-22.14.0-libv8"
            }
          ],
          "store_path": "/nix/store/5baih13vgavgia3889wsvh4n4z0mkawd-nodejs-22.14.0"
        },
        "x86_64-darwin": {
          "outputs": [
            {
              "name": "out",
              "path": "/nix/store/8b56xv3fa7v0w0kpr2yvkxq6cb2kknd0-nodejs-22.14.0",
              "default": true
            },
            {
              "name": "libv8",
              "path": "/nix/store/jg0m7pq2hvqrkm1vx22sghqvc9vnn35h-nodejs-22.14.0-libv8"
            }
          ],
          "store_path": "/nix/store/8b56xv3fa7v0w0kpr2yvkxq6cb2kknd0-nodejs-22.14.0"
        },
        "x86_64-linux": {
          "outputs": [
            {
              "name": "out",
              "path": "/nix/store/bmakyv5ip1wc9jk155glzdw4vnnrym04-nodejs-22.14.0",
              "default": true
            },
            {
              "name": "libv8",
              "path": "/nix/store/j4w6685rkqwwl03cc8phm8xiyb2xmbnq-nodejs-22.14.0-libv8"
            }
          ],
          "store_path": "/nix/store/bmakyv5ip1wc9jk155glzdw4vnnrym04-nodejs-22.14.0"
        }
      }
    },
    "yarn": {
      "resolved": "github:NixOS/nixpkgs/3eeaa42ef4c19447b48d1c676fe59077dfd0846e?narHash=sha256-%2BOE03P3u0FRwhS%2BAh6EYiwxdS1rcIYlXheuXGM3wP3Q%3D#yarn",
      "source": "nixpkg",
      "systems": {
        "x86_64-linux": {
          "outputs": [
            {
              "path": "/nix/store/sfh8adsjz44xyismwlzamq25k6lk9igl-yarn-1.22.22",
              "default": true
            }
          ]
        }
      }
    }
  }
}
