{
  "lockfile_version": "1",
  "packages": {
    "git": {
      "resolved": "github:NixOS/nixpkgs/ca77296380960cd497a765102eeb1356eb80fed0?narHash=sha256-PgLSZDBEWUHpfTRfFyklmiiLBE1i1aGCtz4eRA3POao%3D#git",
      "source": "nixpkg",
      "systems": {
        "x86_64-linux": {
          "outputs": [
            {
              "path": "/tmp/containerbase/cache/nix/store/a3gl62hqv5fk639ll75221gkjj8xm8lh-git-2.50.1",
              "default": true
            }
          ]
        }
      }
    },
    "github:NixOS/nixpkgs/nixpkgs-unstable": {
      "last_modified": "2025-11-18T11:19:29Z",
      "resolved": "github:NixOS/nixpkgs/6f374686605df381de8541c072038472a5ea2e2d?lastModified=1763464769&narHash=sha256-AJHrsT7VoeQzErpBRlLJM1SODcaayp0joAoEA35yiwM%3D"
    },
    "go-task@latest": {
      "last_modified": "2025-11-15T07:28:48Z",
      "resolved": "github:NixOS/nixpkgs/1d4c88323ac36805d09657d13a5273aea1b34f0c#go-task",
      "source": "devbox-search",
      "version": "3.45.4",
      "systems": {
        "aarch64-darwin": {
          "outputs": [
            {
              "name": "out",
              "path": "/nix/store/1l1dwhw28y0r0d87sz6kzshdvykr5hyv-go-task-3.45.4",
              "default": true
            }
          ],
          "store_path": "/nix/store/1l1dwhw28y0r0d87sz6kzshdvykr5hyv-go-task-3.45.4"
        },
        "aarch64-linux": {
          "outputs": [
            {
              "name": "out",
              "path": "/nix/store/s58zai5hj16wlksrkhp94vdp51qimnxv-go-task-3.45.4",
              "default": true
            }
          ],
          "store_path": "/nix/store/s58zai5hj16wlksrkhp94vdp51qimnxv-go-task-3.45.4"
        },
        "x86_64-darwin": {
          "outputs": [
            {
              "name": "out",
              "path": "/nix/store/as9sj4v1adzplyzds719sjxidvrwysyy-go-task-3.45.4",
              "default": true
            }
          ],
          "store_path": "/nix/store/as9sj4v1adzplyzds719sjxidvrwysyy-go-task-3.45.4"
        },
        "x86_64-linux": {
          "outputs": [
            {
              "name": "out",
              "path": "/nix/store/ci8q0hyph46x7n9sq5wz7v2799ny6q40-go-task-3.45.4",
              "default": true
            }
          ],
          "store_path": "/nix/store/ci8q0hyph46x7n9sq5wz7v2799ny6q40-go-task-3.45.4"
        }
      }
    },
    "go@latest": {
      "last_modified": "2025-11-15T07:28:48Z",
      "resolved": "github:NixOS/nixpkgs/1d4c88323ac36805d09657d13a5273aea1b34f0c#go",
      "source": "devbox-search",
      "version": "1.25.3",
      "systems": {
        "aarch64-darwin": {
          "outputs": [
            {
              "name": "out",
              "path": "/nix/store/pkb0xf89mjr3j7b8lvz0vsm4c44vckyh-go-1.25.3",
              "default": true
            }
          ],
          "store_path": "/nix/store/pkb0xf89mjr3j7b8lvz0vsm4c44vckyh-go-1.25.3"
        },
        "aarch64-linux": {
          "outputs": [
            {
              "name": "out",
              "path": "/nix/store/ybh1p0f6sd3i7b66chf3gd8b1yy41p0c-go-1.25.3",
              "default": true
            }
          ],
          "store_path": "/nix/store/ybh1p0f6sd3i7b66chf3gd8b1yy41p0c-go-1.25.3"
        },
        "x86_64-darwin": {
          "outputs": [
            {
              "name": "out",
              "path": "/nix/store/w7nnzc7a6r1s3pg6lmiqwcsabrj17q08-go-1.25.3",
              "default": true
            }
          ],
          "store_path": "/nix/store/w7nnzc7a6r1s3pg6lmiqwcsabrj17q08-go-1.25.3"
        },
        "x86_64-linux": {
          "outputs": [
            {
              "name": "out",
              "path": "/nix/store/rq8lpjjzfymaznpsfvrymhqrvfg854ms-go-1.25.3",
              "default": true
            }
          ],
          "store_path": "/nix/store/rq8lpjjzfymaznpsfvrymhqrvfg854ms-go-1.25.3"
        }
      }
    },
    "jq@latest": {
      "last_modified": "2025-11-16T17:00:02Z",
      "resolved": "github:NixOS/nixpkgs/85a6c4a07faa12aaccd81b36ba9bfc2bec974fa1#jq",
      "source": "devbox-search",
      "version": "1.8.1",
      "systems": {
        "aarch64-darwin": {
          "outputs": [
            {
              "name": "bin",
              "path": "/nix/store/hj66dnrdllkidzm3yl840n85qvflybiw-jq-1.8.1-bin",
              "default": true
            },
            {
              "name": "man",
              "path": "/nix/store/gwszffrxwyfsvrwlk40aialj1nr8xjg1-jq-1.8.1-man",
              "default": true
            },
            {
              "name": "dev",
              "path": "/nix/store/rjhvnnci60jmyrr91fbc5pv5g7zhx44z-jq-1.8.1-dev"
            },
            {
              "name": "doc",
              "path": "/nix/store/8jnv0d701i3w8r7aylw86c57cb1yc1rl-jq-1.8.1-doc"
            },
            {
              "name": "out",
              "path": "/nix/store/wjs9n35srzrv2frs2r4dsc8dxx2spwr2-jq-1.8.1"
            }
          ],
          "store_path": "/nix/store/hj66dnrdllkidzm3yl840n85qvflybiw-jq-1.8.1-bin"
        },
        "aarch64-linux": {
          "outputs": [
            {
              "name": "bin",
              "path": "/nix/store/pkb3hk4g46vm656gcd7rckcw9vfr2h7p-jq-1.8.1-bin",
              "default": true
            },
            {
              "name": "man",
              "path": "/nix/store/j0qw73im7c8gqhni87dmjlgnp200iaah-jq-1.8.1-man",
              "default": true
            },
            {
              "name": "out",
              "path": "/nix/store/vbq92kscq4f6mh8jnf20i1g22hng13x1-jq-1.8.1"
            },
            {
              "name": "dev",
              "path": "/nix/store/4898rw4jac7z9ay93p72i1n235a2lmsy-jq-1.8.1-dev"
            },
            {
              "name": "doc",
              "path": "/nix/store/l23rq3gzr9bz02xlpg92y2lw0yxkdckh-jq-1.8.1-doc"
            }
          ],
          "store_path": "/nix/store/pkb3hk4g46vm656gcd7rckcw9vfr2h7p-jq-1.8.1-bin"
        },
        "x86_64-darwin": {
          "outputs": [
            {
              "name": "bin",
              "path": "/nix/store/pz9k36gd0mqdg2mcmafkcmnkhp7881rf-jq-1.8.1-bin",
              "default": true
            },
            {
              "name": "man",
              "path": "/nix/store/sxq38g57w0n864mvvgprhi3gk56kyvdr-jq-1.8.1-man",
              "default": true
            },
            {
              "name": "dev",
              "path": "/nix/store/i1jln7lyynjpyxw4pz1nfpb2jinikg2g-jq-1.8.1-dev"
            },
            {
              "name": "doc",
              "path": "/nix/store/93w0wf4rv1kldk1xfnzhhmh2rydcgmza-jq-1.8.1-doc"
            },
            {
              "name": "out",
              "path": "/nix/store/js9nmc0h3v7igb4y6z31imwrhj487zdz-jq-1.8.1"
            }
          ],
          "store_path": "/nix/store/pz9k36gd0mqdg2mcmafkcmnkhp7881rf-jq-1.8.1-bin"
        },
        "x86_64-linux": {
          "outputs": [
            {
              "name": "bin",
              "path": "/nix/store/c6rkwr11izd7jvkrfcg6pygild509nvm-jq-1.8.1-bin",
              "default": true
            },
            {
              "name": "man",
              "path": "/nix/store/n5y4w24f4w2wgqhpbw6cgc431q1f7agh-jq-1.8.1-man",
              "default": true
            },
            {
              "name": "out",
              "path": "/nix/store/iiv41cngzdr0925wzi4z14ii7d8kx2d4-jq-1.8.1"
            },
            {
              "name": "dev",
              "path": "/nix/store/25ixq10lb7ppch0qvrgb0fd36ldpwshf-jq-1.8.1-dev"
            },
            {
              "name": "doc",
              "path": "/nix/store/3c7i8848442hvc74jhwwwszp27haiv6v-jq-1.8.1-doc"
            }
          ],
          "store_path": "/nix/store/c6rkwr11izd7jvkrfcg6pygild509nvm-jq-1.8.1-bin"
        }
      }
    },
    "k9s@latest": {
      "last_modified": "2025-11-15T07:28:48Z",
      "resolved": "github:NixOS/nixpkgs/1d4c88323ac36805d09657d13a5273aea1b34f0c#k9s",
      "source": "devbox-search",
      "version": "0.50.16",
      "systems": {
        "aarch64-darwin": {
          "outputs": [
            {
              "name": "out",
              "path": "/nix/store/230v6nr2s9xw9gykv52m90mck335mmf0-k9s-0.50.16",
              "default": true
            }
          ],
          "store_path": "/nix/store/230v6nr2s9xw9gykv52m90mck335mmf0-k9s-0.50.16"
        },
        "aarch64-linux": {
          "outputs": [
            {
              "name": "out",
              "path": "/nix/store/4wl01dh4rklbavpgglcbrnazdfvzbc7s-k9s-0.50.16",
              "default": true
            }
          ],
          "store_path": "/nix/store/4wl01dh4rklbavpgglcbrnazdfvzbc7s-k9s-0.50.16"
        },
        "x86_64-darwin": {
          "outputs": [
            {
              "name": "out",
              "path": "/nix/store/3rqb44cskgscn9gnqjs8shvzrizbz5l0-k9s-0.50.16",
              "default": true
            }
          ],
          "store_path": "/nix/store/3rqb44cskgscn9gnqjs8shvzrizbz5l0-k9s-0.50.16"
        },
        "x86_64-linux": {
          "outputs": [
            {
              "name": "out",
              "path": "/nix/store/kr96z1606fpcc8c95ldgf9ql3miym39f-k9s-0.50.16",
              "default": true
            }
          ],
          "store_path": "/nix/store/kr96z1606fpcc8c95ldgf9ql3miym39f-k9s-0.50.16"
        }
      }
    },
    "kind@latest": {
      "last_modified": "2025-11-15T07:28:48Z",
      "resolved": "github:NixOS/nixpkgs/1d4c88323ac36805d09657d13a5273aea1b34f0c#kind",
      "source": "devbox-search",
      "version": "0.30.0",
      "systems": {
        "aarch64-darwin": {
          "outputs": [
            {
              "name": "out",
              "path": "/nix/store/lkppg7y46076561cs1ayky7xmqaqpvkf-kind-0.30.0",
              "default": true
            }
          ],
          "store_path": "/nix/store/lkppg7y46076561cs1ayky7xmqaqpvkf-kind-0.30.0"
        },
        "aarch64-linux": {
          "outputs": [
            {
              "name": "out",
              "path": "/nix/store/d1gs3jsh7rvy4dl1qi2gy1ib16nsmqj2-kind-0.30.0",
              "default": true
            }
          ],
          "store_path": "/nix/store/d1gs3jsh7rvy4dl1qi2gy1ib16nsmqj2-kind-0.30.0"
        },
        "x86_64-darwin": {
          "outputs": [
            {
              "name": "out",
              "path": "/nix/store/r7x83c5nfy3fc9qiiblkj2r979s2pwpi-kind-0.30.0",
              "default": true
            }
          ],
          "store_path": "/nix/store/r7x83c5nfy3fc9qiiblkj2r979s2pwpi-kind-0.30.0"
        },
        "x86_64-linux": {
          "outputs": [
            {
              "name": "out",
              "path": "/nix/store/bsz3nw3dd4ryvpmma2rpf2d88zjyxxra-kind-0.30.0",
              "default": true
            }
          ],
          "store_path": "/nix/store/bsz3nw3dd4ryvpmma2rpf2d88zjyxxra-kind-0.30.0"
        }
      }
    },
    "kubectl@latest": {
      "last_modified": "2025-11-15T07:28:48Z",
      "resolved": "github:NixOS/nixpkgs/1d4c88323ac36805d09657d13a5273aea1b34f0c#kubectl",
      "source": "devbox-search",
      "version": "1.34.1",
      "systems": {
        "aarch64-darwin": {
          "outputs": [
            {
              "name": "out",
              "path": "/nix/store/b6ysyxc73z9h1y2cw10l8hnr6193c1lm-kubectl-1.34.1",
              "default": true
            },
            {
              "name": "man",
              "path": "/nix/store/50lkrmajszgi05dljdxhnzhzhpiqm7ja-kubectl-1.34.1-man",
              "default": true
            },
            {
              "name": "convert",
              "path": "/nix/store/s3i31vr01qbjpizfdi9hma8zhy9bzrnb-kubectl-1.34.1-convert"
            }
          ],
          "store_path": "/nix/store/b6ysyxc73z9h1y2cw10l8hnr6193c1lm-kubectl-1.34.1"
        },
        "aarch64-linux": {
          "outputs": [
            {
              "name": "out",
              "path": "/nix/store/ihxrlm5fmx48wr5pijl32q2fli4j9656-kubectl-1.34.1",
              "default": true
            },
            {
              "name": "man",
              "path": "/nix/store/qbw5rz6v9d749gl86m5sglcjs1d8kg32-kubectl-1.34.1-man",
              "default": true
            },
            {
              "name": "convert",
              "path": "/nix/store/4igvxipyj1yzw4ncgp4008mmcwxkszbc-kubectl-1.34.1-convert"
            }
          ],
          "store_path": "/nix/store/ihxrlm5fmx48wr5pijl32q2fli4j9656-kubectl-1.34.1"
        },
        "x86_64-darwin": {
          "outputs": [
            {
              "name": "out",
              "path": "/nix/store/fscf4zksnm1hakwi1rnhh4mi677484gi-kubectl-1.34.1",
              "default": true
            },
            {
              "name": "man",
              "path": "/nix/store/5dqgjrhn2y12qxgr8lywqcp62bm38532-kubectl-1.34.1-man",
              "default": true
            },
            {
              "name": "convert",
              "path": "/nix/store/imsx4fi4l9p0xj9zz32491lyxbmik2cv-kubectl-1.34.1-convert"
            }
          ],
          "store_path": "/nix/store/fscf4zksnm1hakwi1rnhh4mi677484gi-kubectl-1.34.1"
        },
        "x86_64-linux": {
          "outputs": [
            {
              "name": "out",
              "path": "/nix/store/4dqxinvhlmlgg6hfp7wghv3rq5y375mp-kubectl-1.34.1",
              "default": true
            },
            {
              "name": "man",
              "path": "/nix/store/hldhp2vblr9xgw4nznk9s88cwk19laim-kubectl-1.34.1-man",
              "default": true
            },
            {
              "name": "convert",
              "path": "/nix/store/247bns0aahfq9icz8v8smjs017nw8n42-kubectl-1.34.1-convert"
            }
          ],
          "store_path": "/nix/store/4dqxinvhlmlgg6hfp7wghv3rq5y375mp-kubectl-1.34.1"
        }
      }
    },
    "kubernetes-helm@latest": {
      "last_modified": "2025-11-15T07:28:48Z",
      "resolved": "github:NixOS/nixpkgs/1d4c88323ac36805d09657d13a5273aea1b34f0c#kubernetes-helm",
      "source": "devbox-search",
      "version": "3.19.1",
      "systems": {
        "aarch64-darwin": {
          "outputs": [
            {
              "name": "out",
              "path": "/nix/store/jn5y9v07xxy3jlr0adfnmkpji15vyp9r-kubernetes-helm-3.19.1",
              "default": true
            }
          ],
          "store_path": "/nix/store/jn5y9v07xxy3jlr0adfnmkpji15vyp9r-kubernetes-helm-3.19.1"
        },
        "aarch64-linux": {
          "outputs": [
            {
              "name": "out",
              "path": "/nix/store/27whsq3r89xwlbpnmad3g4v92rifz5kk-kubernetes-helm-3.19.1",
              "default": true
            }
          ],
          "store_path": "/nix/store/27whsq3r89xwlbpnmad3g4v92rifz5kk-kubernetes-helm-3.19.1"
        },
        "x86_64-darwin": {
          "outputs": [
            {
              "name": "out",
              "path": "/nix/store/6kwiv4klfc10hw6b29x8qm19f4lmfmra-kubernetes-helm-3.19.1",
              "default": true
            }
          ],
          "store_path": "/nix/store/6kwiv4klfc10hw6b29x8qm19f4lmfmra-kubernetes-helm-3.19.1"
        },
        "x86_64-linux": {
          "outputs": [
            {
              "name": "out",
              "path": "/nix/store/l0ixqvgf9swj3b19w8jy2q3lx53c54vs-kubernetes-helm-3.19.1",
              "default": true
            }
          ],
          "store_path": "/nix/store/l0ixqvgf9swj3b19w8jy2q3lx53c54vs-kubernetes-helm-3.19.1"
        }
      }
    },
    "nodejs@latest": {
      "last_modified": "2025-11-16T17:00:02Z",
      "plugin_version": "0.0.2",
      "resolved": "github:NixOS/nixpkgs/85a6c4a07faa12aaccd81b36ba9bfc2bec974fa1#nodejs_24",
      "source": "devbox-search",
      "version": "24.11.1",
      "systems": {
        "aarch64-darwin": {
          "outputs": [
            {
              "name": "out",
              "path": "/nix/store/smlydln7rhjla1m6bm7sikqpb2zzrndm-nodejs-24.11.1",
              "default": true
            },
            {
              "name": "libv8",
              "path": "/nix/store/ly41f5b88x6kg0v033i13ys4zx04zs4x-nodejs-24.11.1-libv8"
            },
            {
              "name": "dev",
              "path": "/nix/store/kpgr84rv1fzc0lw6w7ip9l84a69w4p67-nodejs-24.11.1-dev"
            }
          ],
          "store_path": "/nix/store/smlydln7rhjla1m6bm7sikqpb2zzrndm-nodejs-24.11.1"
        },
        "aarch64-linux": {
          "outputs": [
            {
              "name": "out",
              "path": "/nix/store/33f60ljv7511fpiwz0g8q35vvzwjrbs1-nodejs-24.11.1",
              "default": true
            },
            {
              "name": "dev",
              "path": "/nix/store/ygbsbi27120308bp2qgq3qjcfp8xj0xv-nodejs-24.11.1-dev"
            },
            {
              "name": "libv8",
              "path": "/nix/store/pw1hasfs8whl1iw24dsiwy46c7k04557-nodejs-24.11.1-libv8"
            }
          ],
          "store_path": "/nix/store/33f60ljv7511fpiwz0g8q35vvzwjrbs1-nodejs-24.11.1"
        },
        "x86_64-darwin": {
          "outputs": [
            {
              "name": "out",
              "path": "/nix/store/i6rfha93a4a68g4qrkswlmf7pjbdp4mf-nodejs-24.11.1",
              "default": true
            },
            {
              "name": "dev",
              "path": "/nix/store/x35q5gf3i49034l541b4h44xhhhni2xf-nodejs-24.11.1-dev"
            },
            {
              "name": "libv8",
              "path": "/nix/store/rsf30lc4bw2qdsi5cdplm48bwnh2dfr3-nodejs-24.11.1-libv8"
            }
          ],
          "store_path": "/nix/store/i6rfha93a4a68g4qrkswlmf7pjbdp4mf-nodejs-24.11.1"
        },
        "x86_64-linux": {
          "outputs": [
            {
              "name": "out",
              "path": "/nix/store/plpk1lnwvinl18hwk363112r63g74iff-nodejs-24.11.1",
              "default": true
            },
            {
              "name": "dev",
              "path": "/nix/store/0vb8nk8jfnqnhgswybmd1ksf9ajq8hfw-nodejs-24.11.1-dev"
            },
            {
              "name": "libv8",
              "path": "/nix/store/0v3rsmcla79h0igpkjvgaz87xd1a5x3p-nodejs-24.11.1-libv8"
            }
          ],
          "store_path": "/nix/store/plpk1lnwvinl18hwk363112r63g74iff-nodejs-24.11.1"
        }
      }
    },
    "yarn@latest": {
      "last_modified": "2025-11-15T07:28:48Z",
      "resolved": "github:NixOS/nixpkgs/1d4c88323ac36805d09657d13a5273aea1b34f0c#yarn",
      "source": "devbox-search",
      "version": "1.22.22",
      "systems": {
        "aarch64-darwin": {
          "outputs": [
            {
              "name": "out",
              "path": "/nix/store/1f0wabav6pby2imgcbwxi7j20959is50-yarn-1.22.22",
              "default": true
            }
          ],
          "store_path": "/nix/store/1f0wabav6pby2imgcbwxi7j20959is50-yarn-1.22.22"
        },
        "aarch64-linux": {
          "outputs": [
            {
              "name": "out",
              "path": "/nix/store/nx5w3jphgbgzjqi4rx4m70df6xg8wjng-yarn-1.22.22",
              "default": true
            }
          ],
          "store_path": "/nix/store/nx5w3jphgbgzjqi4rx4m70df6xg8wjng-yarn-1.22.22"
        },
        "x86_64-darwin": {
          "outputs": [
            {
              "name": "out",
              "path": "/nix/store/xwvzv8rqbbyhad1757vb08s2rccmrk5y-yarn-1.22.22",
              "default": true
            }
          ],
          "store_path": "/nix/store/xwvzv8rqbbyhad1757vb08s2rccmrk5y-yarn-1.22.22"
        },
        "x86_64-linux": {
          "outputs": [
            {
              "name": "out",
              "path": "/nix/store/1n9cx8d4qfjxrrbdw7z62hlp5nb9bmjw-yarn-1.22.22",
              "default": true
            }
          ],
          "store_path": "/nix/store/1n9cx8d4qfjxrrbdw7z62hlp5nb9bmjw-yarn-1.22.22"
        }
      }
    }
  }
}
