# This file is generated by running "yarn install" inside your project.
# Manual changes might be lost - proceed with caution!

__metadata:
  version: 8
  cacheKey: 10c0

"@types/node@npm:^20.10.0":
  version: 20.17.24
  resolution: "@types/node@npm:20.17.24"
  dependencies:
    undici-types: "npm:~6.19.2"
  checksum: 10c0/2a39ce4c4cd4588a05b2a485cc0a1407cbea608dd1ab03e36add59d61712718d95c84b492ca5190753f0be2bce748aeeb0f2a1412e712775462befe3820b3ff9
  languageName: node
  linkType: hard

"crossplane-skyhook@workspace:.":
  version: 0.0.0-use.local
  resolution: "crossplane-skyhook@workspace:."
  dependencies:
    "@types/node": "npm:^20.10.0"
    typescript: "npm:^5.3.0"
  languageName: unknown
  linkType: soft

"typescript@npm:^5.3.0":
  version: 5.8.2
  resolution: "typescript@npm:5.8.2"
  bin:
    tsc: bin/tsc
    tsserver: bin/tsserver
  checksum: 10c0/5c4f6fbf1c6389b6928fe7b8fcd5dc73bb2d58cd4e3883f1d774ed5bd83b151cbac6b7ecf11723de56d4676daeba8713894b1e9af56174f2f9780ae7848ec3c6
  languageName: node
  linkType: hard

"typescript@patch:typescript@npm%3A^5.3.0#optional!builtin<compat/typescript>":
  version: 5.8.2
  resolution: "typescript@patch:typescript@npm%3A5.8.2#optional!builtin<compat/typescript>::version=5.8.2&hash=5786d5"
  bin:
    tsc: bin/tsc
    tsserver: bin/tsserver
  checksum: 10c0/5448a08e595cc558ab321e49d4cac64fb43d1fa106584f6ff9a8d8e592111b373a995a1d5c7f3046211c8a37201eb6d0f1566f15cdb7a62a5e3be01d087848e2
  languageName: node
  linkType: hard

"undici-types@npm:~6.19.2":
  version: 6.19.8
  resolution: "undici-types@npm:6.19.8"
  checksum: 10c0/078afa5990fba110f6824823ace86073b4638f1d5112ee26e790155f481f2a868cc3e0615505b6f4282bdf74a3d8caad715fd809e870c2bb0704e3ea6082f344
  languageName: node
  linkType: hard
